// !$*UTF8*$!
{
	archiveVersion = 1;
	classes = {
	};
	objectVersion = 56;
	objects = {

/* Begin PBXBuildFile section */
		D63A39112B48AA4900E87F23 /* ServerResponse.swift in Sources */ = {isa = PBXBuildFile; fileRef = D63A39102B48AA4900E87F23 /* ServerResponse.swift */; };
		D69E05082B3B35AC001FE246 /* DropletApp.swift in Sources */ = {isa = PBXBuildFile; fileRef = D69E05072B3B35AC001FE246 /* DropletApp.swift */; };
		D69E050C2B3B35AE001FE246 /* Assets.xcassets in Resources */ = {isa = PBXBuildFile; fileRef = D69E050B2B3B35AE001FE246 /* Assets.xcassets */; };
		D69E050F2B3B35AE001FE246 /* Preview Assets.xcassets in Resources */ = {isa = PBXBuildFile; fileRef = D69E050E2B3B35AE001FE246 /* Preview Assets.xcassets */; };
		D69E05182B3B3766001FE246 /* .gitignore in Resources */ = {isa = PBXBuildFile; fileRef = D69E05172B3B3766001FE246 /* .gitignore */; };
		D69E051A2B3B4131001FE246 /* DropletTabView.swift in Sources */ = {isa = PBXBuildFile; fileRef = D69E05192B3B4131001FE246 /* DropletTabView.swift */; };
		D69E051C2B3B4162001FE246 /* ProfileView.swift in Sources */ = {isa = PBXBuildFile; fileRef = D69E051B2B3B4162001FE246 /* ProfileView.swift */; };
		D69E051E2B3B45E4001FE246 /* CompleteWorkoutView.swift in Sources */ = {isa = PBXBuildFile; fileRef = D69E051D2B3B45E4001FE246 /* CompleteWorkoutView.swift */; };
		D69E05202B3B4684001FE246 /* DailyView.swift in Sources */ = {isa = PBXBuildFile; fileRef = D69E051F2B3B4684001FE246 /* DailyView.swift */; };
		D69E05222B3B51FB001FE246 /* PersonalDetailsView.swift in Sources */ = {isa = PBXBuildFile; fileRef = D69E05212B3B51FB001FE246 /* PersonalDetailsView.swift */; };
		D69E05242B3B5642001FE246 /* XDismissButton.swift in Sources */ = {isa = PBXBuildFile; fileRef = D69E05232B3B5642001FE246 /* XDismissButton.swift */; };
		D69E05262B3B5B28001FE246 /* brandButton.swift in Sources */ = {isa = PBXBuildFile; fileRef = D69E05252B3B5B28001FE246 /* brandButton.swift */; };
		D69E05282B3B7771001FE246 /* WaterDropCellView.swift in Sources */ = {isa = PBXBuildFile; fileRef = D69E05272B3B7771001FE246 /* WaterDropCellView.swift */; };
		D69E05342B3B8119001FE246 /* WaterDropChartView.swift in Sources */ = {isa = PBXBuildFile; fileRef = D69E05332B3B8119001FE246 /* WaterDropChartView.swift */; };
		D69E05362B3BC82B001FE246 /* CompletedWorkoutCellView.swift in Sources */ = {isa = PBXBuildFile; fileRef = D69E05352B3BC82B001FE246 /* CompletedWorkoutCellView.swift */; };
		D69E05382B3CC204001FE246 /* WorkoutListView.swift in Sources */ = {isa = PBXBuildFile; fileRef = D69E05372B3CC204001FE246 /* WorkoutListView.swift */; };
		D69E053A2B3CC3E2001FE246 /* ProfileViewModel.swift in Sources */ = {isa = PBXBuildFile; fileRef = D69E05392B3CC3E2001FE246 /* ProfileViewModel.swift */; };
		D69E053C2B3CC445001FE246 /* User.swift in Sources */ = {isa = PBXBuildFile; fileRef = D69E053B2B3CC445001FE246 /* User.swift */; };
		D69E053F2B3E1D05001FE246 /* HeaderView.swift in Sources */ = {isa = PBXBuildFile; fileRef = D69E053E2B3E1D05001FE246 /* HeaderView.swift */; };
		D69E05422B3E1ECE001FE246 /* MockData.swift in Sources */ = {isa = PBXBuildFile; fileRef = D69E05412B3E1ECE001FE246 /* MockData.swift */; };
		D69E05442B3E2010001FE246 /* ProfileInteractionView.swift in Sources */ = {isa = PBXBuildFile; fileRef = D69E05432B3E2010001FE246 /* ProfileInteractionView.swift */; };
		D69E05462B3E3649001FE246 /* CompletedWorkout.swift in Sources */ = {isa = PBXBuildFile; fileRef = D69E05452B3E3649001FE246 /* CompletedWorkout.swift */; };
		D69E05492B4087BC001FE246 /* ServerManager.swift in Sources */ = {isa = PBXBuildFile; fileRef = D69E05482B4087BC001FE246 /* ServerManager.swift */; };
		D69E054E2B41F41C001FE246 /* CompletedWorkoutDetailView.swift in Sources */ = {isa = PBXBuildFile; fileRef = D69E054D2B41F41C001FE246 /* CompletedWorkoutDetailView.swift */; };
/* End PBXBuildFile section */

/* Begin PBXFileReference section */
		D63A39102B48AA4900E87F23 /* ServerResponse.swift */ = {isa = PBXFileReference; lastKnownFileType = sourcecode.swift; path = ServerResponse.swift; sourceTree = "<group>"; };
		D69E05042B3B35AC001FE246 /* Droplet.app */ = {isa = PBXFileReference; explicitFileType = wrapper.application; includeInIndex = 0; path = Droplet.app; sourceTree = BUILT_PRODUCTS_DIR; };
		D69E05072B3B35AC001FE246 /* DropletApp.swift */ = {isa = PBXFileReference; lastKnownFileType = sourcecode.swift; path = DropletApp.swift; sourceTree = "<group>"; };
		D69E050B2B3B35AE001FE246 /* Assets.xcassets */ = {isa = PBXFileReference; lastKnownFileType = folder.assetcatalog; path = Assets.xcassets; sourceTree = "<group>"; };
		D69E050E2B3B35AE001FE246 /* Preview Assets.xcassets */ = {isa = PBXFileReference; lastKnownFileType = folder.assetcatalog; path = "Preview Assets.xcassets"; sourceTree = "<group>"; };
		D69E05172B3B3766001FE246 /* .gitignore */ = {isa = PBXFileReference; lastKnownFileType = text; path = .gitignore; sourceTree = "<group>"; };
		D69E05192B3B4131001FE246 /* DropletTabView.swift */ = {isa = PBXFileReference; lastKnownFileType = sourcecode.swift; path = DropletTabView.swift; sourceTree = "<group>"; };
		D69E051B2B3B4162001FE246 /* ProfileView.swift */ = {isa = PBXFileReference; lastKnownFileType = sourcecode.swift; path = ProfileView.swift; sourceTree = "<group>"; };
		D69E051D2B3B45E4001FE246 /* CompleteWorkoutView.swift */ = {isa = PBXFileReference; lastKnownFileType = sourcecode.swift; path = CompleteWorkoutView.swift; sourceTree = "<group>"; };
		D69E051F2B3B4684001FE246 /* DailyView.swift */ = {isa = PBXFileReference; lastKnownFileType = sourcecode.swift; path = DailyView.swift; sourceTree = "<group>"; };
		D69E05212B3B51FB001FE246 /* PersonalDetailsView.swift */ = {isa = PBXFileReference; lastKnownFileType = sourcecode.swift; path = PersonalDetailsView.swift; sourceTree = "<group>"; };
		D69E05232B3B5642001FE246 /* XDismissButton.swift */ = {isa = PBXFileReference; lastKnownFileType = sourcecode.swift; path = XDismissButton.swift; sourceTree = "<group>"; };
		D69E05252B3B5B28001FE246 /* brandButton.swift */ = {isa = PBXFileReference; lastKnownFileType = sourcecode.swift; path = brandButton.swift; sourceTree = "<group>"; };
		D69E05272B3B7771001FE246 /* WaterDropCellView.swift */ = {isa = PBXFileReference; lastKnownFileType = sourcecode.swift; path = WaterDropCellView.swift; sourceTree = "<group>"; };
		D69E05332B3B8119001FE246 /* WaterDropChartView.swift */ = {isa = PBXFileReference; lastKnownFileType = sourcecode.swift; path = WaterDropChartView.swift; sourceTree = "<group>"; };
		D69E05352B3BC82B001FE246 /* CompletedWorkoutCellView.swift */ = {isa = PBXFileReference; lastKnownFileType = sourcecode.swift; path = CompletedWorkoutCellView.swift; sourceTree = "<group>"; };
		D69E05372B3CC204001FE246 /* WorkoutListView.swift */ = {isa = PBXFileReference; lastKnownFileType = sourcecode.swift; path = WorkoutListView.swift; sourceTree = "<group>"; };
		D69E05392B3CC3E2001FE246 /* ProfileViewModel.swift */ = {isa = PBXFileReference; lastKnownFileType = sourcecode.swift; path = ProfileViewModel.swift; sourceTree = "<group>"; };
		D69E053B2B3CC445001FE246 /* User.swift */ = {isa = PBXFileReference; lastKnownFileType = sourcecode.swift; path = User.swift; sourceTree = "<group>"; };
		D69E053E2B3E1D05001FE246 /* HeaderView.swift */ = {isa = PBXFileReference; lastKnownFileType = sourcecode.swift; path = HeaderView.swift; sourceTree = "<group>"; };
		D69E05412B3E1ECE001FE246 /* MockData.swift */ = {isa = PBXFileReference; lastKnownFileType = sourcecode.swift; path = MockData.swift; sourceTree = "<group>"; };
		D69E05432B3E2010001FE246 /* ProfileInteractionView.swift */ = {isa = PBXFileReference; lastKnownFileType = sourcecode.swift; path = ProfileInteractionView.swift; sourceTree = "<group>"; };
		D69E05452B3E3649001FE246 /* CompletedWorkout.swift */ = {isa = PBXFileReference; lastKnownFileType = sourcecode.swift; path = CompletedWorkout.swift; sourceTree = "<group>"; };
		D69E05482B4087BC001FE246 /* ServerManager.swift */ = {isa = PBXFileReference; lastKnownFileType = sourcecode.swift; path = ServerManager.swift; sourceTree = "<group>"; };
		D69E054D2B41F41C001FE246 /* CompletedWorkoutDetailView.swift */ = {isa = PBXFileReference; lastKnownFileType = sourcecode.swift; path = CompletedWorkoutDetailView.swift; sourceTree = "<group>"; };
/* End PBXFileReference section */

/* Begin PBXFrameworksBuildPhase section */
		D69E05012B3B35AC001FE246 /* Frameworks */ = {
			isa = PBXFrameworksBuildPhase;
			buildActionMask = 2147483647;
			files = (
			);
			runOnlyForDeploymentPostprocessing = 0;
		};
/* End PBXFrameworksBuildPhase section */

/* Begin PBXGroup section */
		D69E04FB2B3B35AB001FE246 = {
			isa = PBXGroup;
			children = (
				D69E05172B3B3766001FE246 /* .gitignore */,
				D69E05062B3B35AC001FE246 /* Droplet */,
				D69E05052B3B35AC001FE246 /* Products */,
			);
			sourceTree = "<group>";
		};
		D69E05052B3B35AC001FE246 /* Products */ = {
			isa = PBXGroup;
			children = (
				D69E05042B3B35AC001FE246 /* Droplet.app */,
			);
			name = Products;
			sourceTree = "<group>";
		};
		D69E05062B3B35AC001FE246 /* Droplet */ = {
			isa = PBXGroup;
			children = (
				D69E052C2B3B782D001FE246 /* Model */,
				D69E052B2B3B7824001FE246 /* Views */,
				D69E052A2B3B781B001FE246 /* Utilities */,
				D69E05292B3B780D001FE246 /* Screens */,
				D69E05072B3B35AC001FE246 /* DropletApp.swift */,
				D69E050B2B3B35AE001FE246 /* Assets.xcassets */,
				D69E050D2B3B35AE001FE246 /* Preview Content */,
			);
			path = Droplet;
			sourceTree = "<group>";
		};
		D69E050D2B3B35AE001FE246 /* Preview Content */ = {
			isa = PBXGroup;
			children = (
				D69E050E2B3B35AE001FE246 /* Preview Assets.xcassets */,
			);
			path = "Preview Content";
			sourceTree = "<group>";
		};
		D69E05292B3B780D001FE246 /* Screens */ = {
			isa = PBXGroup;
			children = (
				D69E052F2B3B786B001FE246 /* DailyView */,
				D69E052E2B3B785F001FE246 /* CompleteWorkoutView */,
				D69E052D2B3B784B001FE246 /* ProfileView */,
				D69E05192B3B4131001FE246 /* DropletTabView.swift */,
			);
			path = Screens;
			sourceTree = "<group>";
		};
		D69E052A2B3B781B001FE246 /* Utilities */ = {
			isa = PBXGroup;
			children = (
				D69E05472B4087A6001FE246 /* Managers */,
				D69E05402B3E1EC4001FE246 /* TestData */,
			);
			path = Utilities;
			sourceTree = "<group>";
		};
		D69E052B2B3B7824001FE246 /* Views */ = {
			isa = PBXGroup;
			children = (
				D69E054A2B41F3D0001FE246 /* WorkoutViews */,
				D69E05322B3B7925001FE246 /* GlobalViews */,
				D69E05302B3B78B0001FE246 /* Buttons */,
			);
			path = Views;
			sourceTree = "<group>";
		};
		D69E052C2B3B782D001FE246 /* Model */ = {
			isa = PBXGroup;
			children = (
				D69E053B2B3CC445001FE246 /* User.swift */,
				D69E05452B3E3649001FE246 /* CompletedWorkout.swift */,
				D63A39102B48AA4900E87F23 /* ServerResponse.swift */,
			);
			path = Model;
			sourceTree = "<group>";
		};
		D69E052D2B3B784B001FE246 /* ProfileView */ = {
			isa = PBXGroup;
			children = (
				D69E053D2B3E1CF2001FE246 /* Views */,
				D69E051B2B3B4162001FE246 /* ProfileView.swift */,
				D69E05392B3CC3E2001FE246 /* ProfileViewModel.swift */,
			);
			path = ProfileView;
			sourceTree = "<group>";
		};
		D69E052E2B3B785F001FE246 /* CompleteWorkoutView */ = {
			isa = PBXGroup;
			children = (
				D69E051D2B3B45E4001FE246 /* CompleteWorkoutView.swift */,
			);
			path = CompleteWorkoutView;
			sourceTree = "<group>";
		};
		D69E052F2B3B786B001FE246 /* DailyView */ = {
			isa = PBXGroup;
			children = (
				D69E051F2B3B4684001FE246 /* DailyView.swift */,
			);
			path = DailyView;
			sourceTree = "<group>";
		};
		D69E05302B3B78B0001FE246 /* Buttons */ = {
			isa = PBXGroup;
			children = (
				D69E05252B3B5B28001FE246 /* brandButton.swift */,
				D69E05232B3B5642001FE246 /* XDismissButton.swift */,
			);
			path = Buttons;
			sourceTree = "<group>";
		};
		D69E05322B3B7925001FE246 /* GlobalViews */ = {
			isa = PBXGroup;
			children = (
				D69E05272B3B7771001FE246 /* WaterDropCellView.swift */,
				D69E05332B3B8119001FE246 /* WaterDropChartView.swift */,
			);
			path = GlobalViews;
			sourceTree = "<group>";
		};
		D69E053D2B3E1CF2001FE246 /* Views */ = {
			isa = PBXGroup;
			children = (
				D69E05212B3B51FB001FE246 /* PersonalDetailsView.swift */,
				D69E053E2B3E1D05001FE246 /* HeaderView.swift */,
				D69E05432B3E2010001FE246 /* ProfileInteractionView.swift */,
			);
			path = Views;
			sourceTree = "<group>";
		};
		D69E05402B3E1EC4001FE246 /* TestData */ = {
			isa = PBXGroup;
			children = (
				D69E05412B3E1ECE001FE246 /* MockData.swift */,
			);
			path = TestData;
			sourceTree = "<group>";
		};
		D69E05472B4087A6001FE246 /* Managers */ = {
			isa = PBXGroup;
			children = (
				D69E05482B4087BC001FE246 /* ServerManager.swift */,
			);
			path = Managers;
			sourceTree = "<group>";
		};
		D69E054A2B41F3D0001FE246 /* WorkoutViews */ = {
			isa = PBXGroup;
			children = (
				D69E05352B3BC82B001FE246 /* CompletedWorkoutCellView.swift */,
				D69E05372B3CC204001FE246 /* WorkoutListView.swift */,
				D69E054D2B41F41C001FE246 /* CompletedWorkoutDetailView.swift */,
			);
			path = WorkoutViews;
			sourceTree = "<group>";
		};
/* End PBXGroup section */

/* Begin PBXNativeTarget section */
		D69E05032B3B35AC001FE246 /* Droplet */ = {
			isa = PBXNativeTarget;
			buildConfigurationList = D69E05122B3B35AE001FE246 /* Build configuration list for PBXNativeTarget "Droplet" */;
			buildPhases = (
				D69E05002B3B35AC001FE246 /* Sources */,
				D69E05012B3B35AC001FE246 /* Frameworks */,
				D69E05022B3B35AC001FE246 /* Resources */,
			);
			buildRules = (
			);
			dependencies = (
			);
			name = Droplet;
			productName = Droplet;
			productReference = D69E05042B3B35AC001FE246 /* Droplet.app */;
			productType = "com.apple.product-type.application";
		};
/* End PBXNativeTarget section */

/* Begin PBXProject section */
		D69E04FC2B3B35AB001FE246 /* Project object */ = {
			isa = PBXProject;
			attributes = {
				BuildIndependentTargetsInParallel = 1;
				LastSwiftUpdateCheck = 1500;
				LastUpgradeCheck = 1500;
				TargetAttributes = {
					D69E05032B3B35AC001FE246 = {
						CreatedOnToolsVersion = 15.0.1;
					};
				};
			};
			buildConfigurationList = D69E04FF2B3B35AB001FE246 /* Build configuration list for PBXProject "Droplet" */;
			compatibilityVersion = "Xcode 14.0";
			developmentRegion = en;
			hasScannedForEncodings = 0;
			knownRegions = (
				en,
				Base,
			);
			mainGroup = D69E04FB2B3B35AB001FE246;
			productRefGroup = D69E05052B3B35AC001FE246 /* Products */;
			projectDirPath = "";
			projectRoot = "";
			targets = (
				D69E05032B3B35AC001FE246 /* Droplet */,
			);
		};
/* End PBXProject section */

/* Begin PBXResourcesBuildPhase section */
		D69E05022B3B35AC001FE246 /* Resources */ = {
			isa = PBXResourcesBuildPhase;
			buildActionMask = 2147483647;
			files = (
				D69E050F2B3B35AE001FE246 /* Preview Assets.xcassets in Resources */,
				D69E05182B3B3766001FE246 /* .gitignore in Resources */,
				D69E050C2B3B35AE001FE246 /* Assets.xcassets in Resources */,
			);
			runOnlyForDeploymentPostprocessing = 0;
		};
/* End PBXResourcesBuildPhase section */

/* Begin PBXSourcesBuildPhase section */
		D69E05002B3B35AC001FE246 /* Sources */ = {
			isa = PBXSourcesBuildPhase;
			buildActionMask = 2147483647;
			files = (
				D69E05342B3B8119001FE246 /* WaterDropChartView.swift in Sources */,
				D69E05282B3B7771001FE246 /* WaterDropCellView.swift in Sources */,
				D69E05382B3CC204001FE246 /* WorkoutListView.swift in Sources */,
				D69E05442B3E2010001FE246 /* ProfileInteractionView.swift in Sources */,
				D69E051A2B3B4131001FE246 /* DropletTabView.swift in Sources */,
				D69E051C2B3B4162001FE246 /* ProfileView.swift in Sources */,
				D69E054E2B41F41C001FE246 /* CompletedWorkoutDetailView.swift in Sources */,
				D63A39112B48AA4900E87F23 /* ServerResponse.swift in Sources */,
				D69E05222B3B51FB001FE246 /* PersonalDetailsView.swift in Sources */,
				D69E053C2B3CC445001FE246 /* User.swift in Sources */,
				D69E05082B3B35AC001FE246 /* DropletApp.swift in Sources */,
				D69E05202B3B4684001FE246 /* DailyView.swift in Sources */,
				D69E051E2B3B45E4001FE246 /* CompleteWorkoutView.swift in Sources */,
				D69E05462B3E3649001FE246 /* CompletedWorkout.swift in Sources */,
				D69E053F2B3E1D05001FE246 /* HeaderView.swift in Sources */,
				D69E05242B3B5642001FE246 /* XDismissButton.swift in Sources */,
				D69E053A2B3CC3E2001FE246 /* ProfileViewModel.swift in Sources */,
				D69E05492B4087BC001FE246 /* ServerManager.swift in Sources */,
				D69E05422B3E1ECE001FE246 /* MockData.swift in Sources */,
				D69E05362B3BC82B001FE246 /* CompletedWorkoutCellView.swift in Sources */,
				D69E05262B3B5B28001FE246 /* brandButton.swift in Sources */,
			);
			runOnlyForDeploymentPostprocessing = 0;
		};
/* End PBXSourcesBuildPhase section */

/* Begin XCBuildConfiguration section */
		D69E05102B3B35AE001FE246 /* Debug */ = {
			isa = XCBuildConfiguration;
			buildSettings = {
				ALWAYS_SEARCH_USER_PATHS = NO;
				ASSETCATALOG_COMPILER_GENERATE_SWIFT_ASSET_SYMBOL_EXTENSIONS = YES;
				CLANG_ANALYZER_NONNULL = YES;
				CLANG_ANALYZER_NUMBER_OBJECT_CONVERSION = YES_AGGRESSIVE;
				CLANG_CXX_LANGUAGE_STANDARD = "gnu++20";
				CLANG_ENABLE_MODULES = YES;
				CLANG_ENABLE_OBJC_ARC = YES;
				CLANG_ENABLE_OBJC_WEAK = YES;
				CLANG_WARN_BLOCK_CAPTURE_AUTORELEASING = YES;
				CLANG_WARN_BOOL_CONVERSION = YES;
				CLANG_WARN_COMMA = YES;
				CLANG_WARN_CONSTANT_CONVERSION = YES;
				CLANG_WARN_DEPRECATED_OBJC_IMPLEMENTATIONS = YES;
				CLANG_WARN_DIRECT_OBJC_ISA_USAGE = YES_ERROR;
				CLANG_WARN_DOCUMENTATION_COMMENTS = YES;
				CLANG_WARN_EMPTY_BODY = YES;
				CLANG_WARN_ENUM_CONVERSION = YES;
				CLANG_WARN_INFINITE_RECURSION = YES;
				CLANG_WARN_INT_CONVERSION = YES;
				CLANG_WARN_NON_LITERAL_NULL_CONVERSION = YES;
				CLANG_WARN_OBJC_IMPLICIT_RETAIN_SELF = YES;
				CLANG_WARN_OBJC_LITERAL_CONVERSION = YES;
				CLANG_WARN_OBJC_ROOT_CLASS = YES_ERROR;
				CLANG_WARN_QUOTED_INCLUDE_IN_FRAMEWORK_HEADER = YES;
				CLANG_WARN_RANGE_LOOP_ANALYSIS = YES;
				CLANG_WARN_STRICT_PROTOTYPES = YES;
				CLANG_WARN_SUSPICIOUS_MOVE = YES;
				CLANG_WARN_UNGUARDED_AVAILABILITY = YES_AGGRESSIVE;
				CLANG_WARN_UNREACHABLE_CODE = YES;
				CLANG_WARN__DUPLICATE_METHOD_MATCH = YES;
				COPY_PHASE_STRIP = NO;
				DEBUG_INFORMATION_FORMAT = dwarf;
				ENABLE_STRICT_OBJC_MSGSEND = YES;
				ENABLE_TESTABILITY = YES;
				ENABLE_USER_SCRIPT_SANDBOXING = YES;
				GCC_C_LANGUAGE_STANDARD = gnu17;
				GCC_DYNAMIC_NO_PIC = NO;
				GCC_NO_COMMON_BLOCKS = YES;
				GCC_OPTIMIZATION_LEVEL = 0;
				GCC_PREPROCESSOR_DEFINITIONS = (
					"DEBUG=1",
					"$(inherited)",
				);
				GCC_WARN_64_TO_32_BIT_CONVERSION = YES;
				GCC_WARN_ABOUT_RETURN_TYPE = YES_ERROR;
				GCC_WARN_UNDECLARED_SELECTOR = YES;
				GCC_WARN_UNINITIALIZED_AUTOS = YES_AGGRESSIVE;
				GCC_WARN_UNUSED_FUNCTION = YES;
				GCC_WARN_UNUSED_VARIABLE = YES;
				IPHONEOS_DEPLOYMENT_TARGET = 17.0;
				LOCALIZATION_PREFERS_STRING_CATALOGS = YES;
				MTL_ENABLE_DEBUG_INFO = INCLUDE_SOURCE;
				MTL_FAST_MATH = YES;
				ONLY_ACTIVE_ARCH = YES;
				SDKROOT = iphoneos;
				SWIFT_ACTIVE_COMPILATION_CONDITIONS = "DEBUG $(inherited)";
				SWIFT_OPTIMIZATION_LEVEL = "-Onone";
			};
			name = Debug;
		};
		D69E05112B3B35AE001FE246 /* Release */ = {
			isa = XCBuildConfiguration;
			buildSettings = {
				ALWAYS_SEARCH_USER_PATHS = NO;
				ASSETCATALOG_COMPILER_GENERATE_SWIFT_ASSET_SYMBOL_EXTENSIONS = YES;
				CLANG_ANALYZER_NONNULL = YES;
				CLANG_ANALYZER_NUMBER_OBJECT_CONVERSION = YES_AGGRESSIVE;
				CLANG_CXX_LANGUAGE_STANDARD = "gnu++20";
				CLANG_ENABLE_MODULES = YES;
				CLANG_ENABLE_OBJC_ARC = YES;
				CLANG_ENABLE_OBJC_WEAK = YES;
				CLANG_WARN_BLOCK_CAPTURE_AUTORELEASING = YES;
				CLANG_WARN_BOOL_CONVERSION = YES;
				CLANG_WARN_COMMA = YES;
				CLANG_WARN_CONSTANT_CONVERSION = YES;
				CLANG_WARN_DEPRECATED_OBJC_IMPLEMENTATIONS = YES;
				CLANG_WARN_DIRECT_OBJC_ISA_USAGE = YES_ERROR;
				CLANG_WARN_DOCUMENTATION_COMMENTS = YES;
				CLANG_WARN_EMPTY_BODY = YES;
				CLANG_WARN_ENUM_CONVERSION = YES;
				CLANG_WARN_INFINITE_RECURSION = YES;
				CLANG_WARN_INT_CONVERSION = YES;
				CLANG_WARN_NON_LITERAL_NULL_CONVERSION = YES;
				CLANG_WARN_OBJC_IMPLICIT_RETAIN_SELF = YES;
				CLANG_WARN_OBJC_LITERAL_CONVERSION = YES;
				CLANG_WARN_OBJC_ROOT_CLASS = YES_ERROR;
				CLANG_WARN_QUOTED_INCLUDE_IN_FRAMEWORK_HEADER = YES;
				CLANG_WARN_RANGE_LOOP_ANALYSIS = YES;
				CLANG_WARN_STRICT_PROTOTYPES = YES;
				CLANG_WARN_SUSPICIOUS_MOVE = YES;
				CLANG_WARN_UNGUARDED_AVAILABILITY = YES_AGGRESSIVE;
				CLANG_WARN_UNREACHABLE_CODE = YES;
				CLANG_WARN__DUPLICATE_METHOD_MATCH = YES;
				COPY_PHASE_STRIP = NO;
				DEBUG_INFORMATION_FORMAT = "dwarf-with-dsym";
				ENABLE_NS_ASSERTIONS = NO;
				ENABLE_STRICT_OBJC_MSGSEND = YES;
				ENABLE_USER_SCRIPT_SANDBOXING = YES;
				GCC_C_LANGUAGE_STANDARD = gnu17;
				GCC_NO_COMMON_BLOCKS = YES;
				GCC_WARN_64_TO_32_BIT_CONVERSION = YES;
				GCC_WARN_ABOUT_RETURN_TYPE = YES_ERROR;
				GCC_WARN_UNDECLARED_SELECTOR = YES;
				GCC_WARN_UNINITIALIZED_AUTOS = YES_AGGRESSIVE;
				GCC_WARN_UNUSED_FUNCTION = YES;
				GCC_WARN_UNUSED_VARIABLE = YES;
				IPHONEOS_DEPLOYMENT_TARGET = 17.0;
				LOCALIZATION_PREFERS_STRING_CATALOGS = YES;
				MTL_ENABLE_DEBUG_INFO = NO;
				MTL_FAST_MATH = YES;
				SDKROOT = iphoneos;
				SWIFT_COMPILATION_MODE = wholemodule;
				VALIDATE_PRODUCT = YES;
			};
			name = Release;
		};
		D69E05132B3B35AE001FE246 /* Debug */ = {
			isa = XCBuildConfiguration;
			buildSettings = {
				ASSETCATALOG_COMPILER_APPICON_NAME = AppIcon;
				ASSETCATALOG_COMPILER_GLOBAL_ACCENT_COLOR_NAME = AccentColor;
				CODE_SIGN_STYLE = Automatic;
				CURRENT_PROJECT_VERSION = 1;
				DEVELOPMENT_ASSET_PATHS = "\"Droplet/Preview Content\"";
				DEVELOPMENT_TEAM = SJ2AL2WDDA;
				ENABLE_PREVIEWS = YES;
				GENERATE_INFOPLIST_FILE = YES;
				INFOPLIST_KEY_UIApplicationSceneManifest_Generation = YES;
				INFOPLIST_KEY_UIApplicationSupportsIndirectInputEvents = YES;
				INFOPLIST_KEY_UILaunchScreen_Generation = YES;
				INFOPLIST_KEY_UISupportedInterfaceOrientations_iPad = "UIInterfaceOrientationPortrait UIInterfaceOrientationPortraitUpsideDown UIInterfaceOrientationLandscapeLeft UIInterfaceOrientationLandscapeRight";
				INFOPLIST_KEY_UISupportedInterfaceOrientations_iPhone = "UIInterfaceOrientationPortrait UIInterfaceOrientationLandscapeLeft UIInterfaceOrientationLandscapeRight";
				LD_RUNPATH_SEARCH_PATHS = (
					"$(inherited)",
					"@executable_path/Frameworks",
				);
				MARKETING_VERSION = 1.0;
				PRODUCT_BUNDLE_IDENTIFIER = "n-a.Droplet";
				PRODUCT_NAME = "$(TARGET_NAME)";
				SWIFT_EMIT_LOC_STRINGS = YES;
				SWIFT_VERSION = 5.0;
				TARGETED_DEVICE_FAMILY = "1,2";
			};
			name = Debug;
		};
		D69E05142B3B35AE001FE246 /* Release */ = {
			isa = XCBuildConfiguration;
			buildSettings = {
				ASSETCATALOG_COMPILER_APPICON_NAME = AppIcon;
				ASSETCATALOG_COMPILER_GLOBAL_ACCENT_COLOR_NAME = AccentColor;
				CODE_SIGN_STYLE = Automatic;
				CURRENT_PROJECT_VERSION = 1;
				DEVELOPMENT_ASSET_PATHS = "\"Droplet/Preview Content\"";
				DEVELOPMENT_TEAM = SJ2AL2WDDA;
				ENABLE_PREVIEWS = YES;
				GENERATE_INFOPLIST_FILE = YES;
				INFOPLIST_KEY_UIApplicationSceneManifest_Generation = YES;
				INFOPLIST_KEY_UIApplicationSupportsIndirectInputEvents = YES;
				INFOPLIST_KEY_UILaunchScreen_Generation = YES;
				INFOPLIST_KEY_UISupportedInterfaceOrientations_iPad = "UIInterfaceOrientationPortrait UIInterfaceOrientationPortraitUpsideDown UIInterfaceOrientationLandscapeLeft UIInterfaceOrientationLandscapeRight";
				INFOPLIST_KEY_UISupportedInterfaceOrientations_iPhone = "UIInterfaceOrientationPortrait UIInterfaceOrientationLandscapeLeft UIInterfaceOrientationLandscapeRight";
				LD_RUNPATH_SEARCH_PATHS = (
					"$(inherited)",
					"@executable_path/Frameworks",
				);
				MARKETING_VERSION = 1.0;
				PRODUCT_BUNDLE_IDENTIFIER = "n-a.Droplet";
				PRODUCT_NAME = "$(TARGET_NAME)";
				SWIFT_EMIT_LOC_STRINGS = YES;
				SWIFT_VERSION = 5.0;
				TARGETED_DEVICE_FAMILY = "1,2";
			};
			name = Release;
		};
/* End XCBuildConfiguration section */

/* Begin XCConfigurationList section */
		D69E04FF2B3B35AB001FE246 /* Build configuration list for PBXProject "Droplet" */ = {
			isa = XCConfigurationList;
			buildConfigurations = (
				D69E05102B3B35AE001FE246 /* Debug */,
				D69E05112B3B35AE001FE246 /* Release */,
			);
			defaultConfigurationIsVisible = 0;
			defaultConfigurationName = Release;
		};
		D69E05122B3B35AE001FE246 /* Build configuration list for PBXNativeTarget "Droplet" */ = {
			isa = XCConfigurationList;
			buildConfigurations = (
				D69E05132B3B35AE001FE246 /* Debug */,
				D69E05142B3B35AE001FE246 /* Release */,
			);
			defaultConfigurationIsVisible = 0;
			defaultConfigurationName = Release;
		};
/* End XCConfigurationList section */
	};
	rootObject = D69E04FC2B3B35AB001FE246 /* Project object */;
}
